
Microsoft Visual Studio Solution File, Format Version 12.00
# Visual Studio Version 17
VisualStudioVersion = 17.12.35707.178
MinimumVisualStudioVersion = 10.0.40219.1
Project("{FAE04EC0-301F-11D3-BF4B-00C04F79EFBC}") = "Monster.Core", "..\Monster.Core\Monster.Core.csproj", "{6007ED9A-94DA-4F0D-BA48-5D329D8151A7}"
EndProject
Project("{FAE04EC0-301F-11D3-BF4B-00C04F79EFBC}") = "Monster.Game", "..\Monster.Game\Monster.Game.csproj", "{9092C948-6F28-4E2A-A543-A3611B52C060}"
	ProjectSection(ProjectDependencies) = postProject
		{6007ED9A-94DA-4F0D-BA48-5D329D8151A7} = {6007ED9A-94DA-4F0D-BA48-5D329D8151A7}
	EndProjectSection
EndProject
Global
	GlobalSection(SolutionConfigurationPlatforms) = preSolution
		Debug|Any CPU = Debug|Any CPU
		Release|Any CPU = Release|Any CPU
	EndGlobalSection
	GlobalSection(ProjectConfigurationPlatforms) = postSolution
		{6007ED9A-94DA-4F0D-BA48-5D329D8151A7}.Debug|Any CPU.ActiveCfg = Debug|Any CPU
		{6007ED9A-94DA-4F0D-BA48-5D329D8151A7}.Debug|Any CPU.Build.0 = Debug|Any CPU
		{6007ED9A-94DA-4F0D-BA48-5D329D8151A7}.Release|Any CPU.ActiveCfg = Release|Any CPU
		{6007ED9A-94DA-4F0D-BA48-5D329D8151A7}.Release|Any CPU.Build.0 = Release|Any CPU
		{9092C948-6F28-4E2A-A543-A3611B52C060}.Debug|Any CPU.ActiveCfg = Debug|Any CPU
		{9092C948-6F28-4E2A-A543-A3611B52C060}.Debug|Any CPU.Build.0 = Debug|Any CPU
		{9092C948-6F28-4E2A-A543-A3611B52C060}.Release|Any CPU.ActiveCfg = Release|Any CPU
		{9092C948-6F28-4E2A-A543-A3611B52C060}.Release|Any CPU.Build.0 = Release|Any CPU
	EndGlobalSection
	GlobalSection(SolutionProperties) = preSolution
		HideSolutionNode = FALSE
	EndGlobalSection
	GlobalSection(ExtensibilityGlobals) = postSolution
		SolutionGuid = {9725812D-4147-45AF-939C-FAE0363747DE}
	EndGlobalSection
EndGlobal
