
Microsoft Visual Studio Solution File, Format Version 12.00
# Visual Studio Version 17
VisualStudioVersion = 17.12.35707.178
MinimumVisualStudioVersion = 10.0.40219.1
Project("{FAE04EC0-301F-11D3-BF4B-00C04F79EFBC}") = "Monster.Game", "Monster.Game\Monster.Game.csproj", "{8CC00B2F-374B-6A81-D061-DFB93F35FDED}"
EndProject
Project("{FAE04EC0-301F-11D3-BF4B-00C04F79EFBC}") = "Monster.Core", "Monster.Core\Monster.Core.csproj", "{1C637714-81E8-BCBF-1E27-64F17E7BD05F}"
EndProject
Project("{FAE04EC0-301F-11D3-BF4B-00C04F79EFBC}") = "Monster.UI", "Monster.UI\Monster.UI.csproj", "{03C94617-73E5-455D-BBC2-1CD262827850}"
	ProjectSection(ProjectDependencies) = postProject
		{1C637714-81E8-BCBF-1E27-64F17E7BD05F} = {1C637714-81E8-BCBF-1E27-64F17E7BD05F}
		{8CC00B2F-374B-6A81-D061-DFB93F35FDED} = {8CC00B2F-374B-6A81-D061-DFB93F35FDED}
	EndProjectSection
EndProject
Project("{2150E333-8FDC-42A3-9474-1A3956D46DE8}") = "Itens de Solução", "Itens de Solução", "{380A7511-A354-6D7A-0CC0-8FA1F1BA7B6C}"
	ProjectSection(SolutionItems) = preProject
		..\ParaAmanha\vcr_osd_mono(1)\VCR_OSD_MONO_1.001.ttf = ..\ParaAmanha\vcr_osd_mono(1)\VCR_OSD_MONO_1.001.ttf
	EndProjectSection
EndProject
Global
	GlobalSection(SolutionConfigurationPlatforms) = preSolution
		Debug|Any CPU = Debug|Any CPU
		Release|Any CPU = Release|Any CPU
	EndGlobalSection
	GlobalSection(ProjectConfigurationPlatforms) = postSolution
		{8CC00B2F-374B-6A81-D061-DFB93F35FDED}.Debug|Any CPU.ActiveCfg = Debug|Any CPU
		{8CC00B2F-374B-6A81-D061-DFB93F35FDED}.Debug|Any CPU.Build.0 = Debug|Any CPU
		{8CC00B2F-374B-6A81-D061-DFB93F35FDED}.Release|Any CPU.ActiveCfg = Release|Any CPU
		{8CC00B2F-374B-6A81-D061-DFB93F35FDED}.Release|Any CPU.Build.0 = Release|Any CPU
		{1C637714-81E8-BCBF-1E27-64F17E7BD05F}.Debug|Any CPU.ActiveCfg = Debug|Any CPU
		{1C637714-81E8-BCBF-1E27-64F17E7BD05F}.Debug|Any CPU.Build.0 = Debug|Any CPU
		{1C637714-81E8-BCBF-1E27-64F17E7BD05F}.Release|Any CPU.ActiveCfg = Release|Any CPU
		{1C637714-81E8-BCBF-1E27-64F17E7BD05F}.Release|Any CPU.Build.0 = Release|Any CPU
		{03C94617-73E5-455D-BBC2-1CD262827850}.Debug|Any CPU.ActiveCfg = Debug|Any CPU
		{03C94617-73E5-455D-BBC2-1CD262827850}.Debug|Any CPU.Build.0 = Debug|Any CPU
		{03C94617-73E5-455D-BBC2-1CD262827850}.Release|Any CPU.ActiveCfg = Release|Any CPU
		{03C94617-73E5-455D-BBC2-1CD262827850}.Release|Any CPU.Build.0 = Release|Any CPU
	EndGlobalSection
	GlobalSection(SolutionProperties) = preSolution
		HideSolutionNode = FALSE
	EndGlobalSection
	GlobalSection(ExtensibilityGlobals) = postSolution
		SolutionGuid = {9725812D-4147-45AF-939C-FAE0363747DE}
	EndGlobalSection
EndGlobal
